
Microsoft Visual Studio Solution File, Format Version 12.00
# Visual Studio Version 17
VisualStudioVersion = 17.9.34728.123
MinimumVisualStudioVersion = 10.0.40219.1
Project("{9A19103F-16F7-4668-BE54-9A1E7A4F7556}") = "SimpleTcpServer", "SimpleTcpServer.csproj", "{DC9C40E8-E47D-42A2-AEC8-9476F3EA083F}"
EndProject
Global
	GlobalSection(SolutionConfigurationPlatforms) = preSolution
		Debug|Any CPU = Debug|Any CPU
		Release|Any CPU = Release|Any CPU
	EndGlobalSection
	GlobalSection(ProjectConfigurationPlatforms) = postSolution
		{DC9C40E8-E47D-42A2-AEC8-9476F3EA083F}.Debug|Any CPU.ActiveCfg = Debug|Any CPU
		{DC9C40E8-E47D-42A2-AEC8-9476F3EA083F}.Debug|Any CPU.Build.0 = Debug|Any CPU
		{DC9C40E8-E47D-42A2-AEC8-9476F3EA083F}.Release|Any CPU.ActiveCfg = Release|Any CPU
		{DC9C40E8-E47D-42A2-AEC8-9476F3EA083F}.Release|Any CPU.Build.0 = Release|Any CPU
	EndGlobalSection
	GlobalSection(SolutionProperties) = preSolution
		HideSolutionNode = FALSE
	EndGlobalSection
	GlobalSection(ExtensibilityGlobals) = postSolution
		SolutionGuid = {5CE32B6D-9232-4839-972E-08C01D56048E}
	EndGlobalSection
EndGlobal
